
Microsoft Visual Studio Solution File, Format Version 12.00
# Visual Studio 14
VisualStudioVersion = 14.0.23107.0
MinimumVisualStudioVersion = 10.0.40219.1
Project("{FAE04EC0-301F-11D3-BF4B-00C04F79EFBC}") = "01.Plus-Remove", "01.Plus-Remove\01.Plus-Remove.csproj", "{1473C483-F1EE-43A7-A228-6EDA7A7B303A}"
EndProject
Project("{FAE04EC0-301F-11D3-BF4B-00C04F79EFBC}") = "02.StringMatrixRotation", "02.StringMatrixRotation\02.StringMatrixRotation.csproj", "{43D6CEF5-B18D-4B24-B1EC-93C74A880843}"
EndProject
Global
	GlobalSection(SolutionConfigurationPlatforms) = preSolution
		Debug|Any CPU = Debug|Any CPU
		Release|Any CPU = Release|Any CPU
	EndGlobalSection
	GlobalSection(ProjectConfigurationPlatforms) = postSolution
		{1473C483-F1EE-43A7-A228-6EDA7A7B303A}.Debug|Any CPU.ActiveCfg = Debug|Any CPU
		{1473C483-F1EE-43A7-A228-6EDA7A7B303A}.Debug|Any CPU.Build.0 = Debug|Any CPU
		{1473C483-F1EE-43A7-A228-6EDA7A7B303A}.Release|Any CPU.ActiveCfg = Release|Any CPU
		{1473C483-F1EE-43A7-A228-6EDA7A7B303A}.Release|Any CPU.Build.0 = Release|Any CPU
		{43D6CEF5-B18D-4B24-B1EC-93C74A880843}.Debug|Any CPU.ActiveCfg = Debug|Any CPU
		{43D6CEF5-B18D-4B24-B1EC-93C74A880843}.Debug|Any CPU.Build.0 = Debug|Any CPU
		{43D6CEF5-B18D-4B24-B1EC-93C74A880843}.Release|Any CPU.ActiveCfg = Release|Any CPU
		{43D6CEF5-B18D-4B24-B1EC-93C74A880843}.Release|Any CPU.Build.0 = Release|Any CPU
	EndGlobalSection
	GlobalSection(SolutionProperties) = preSolution
		HideSolutionNode = FALSE
	EndGlobalSection
EndGlobal
