Microsoft Visual Studio Solution File, Format Version 12.00
# Visual Studio 14
VisualStudioVersion = 14.0.23107.0
MinimumVisualStudioVersion = 10.0.40219.1
Project("{FAE04EC0-301F-11D3-BF4B-00C04F79EFBC}") = "Bank", "Bank\Bank.csproj", "{699DF7FD-A37E-44BE-ADC0-7A5D9EAB8F0F}"
EndProject
Project("{FAE04EC0-301F-11D3-BF4B-00C04F79EFBC}") = "Bank.Test", "Bank.Test\Bank.Test.csproj", "{D67BFF51-36B0-41D0-A3FC-D1EF83A519DC}"
EndProject
Project("{FAE04EC0-301F-11D3-BF4B-00C04F79EFBC}") = "DataStructures", "DataStructures\DataStructures.csproj", "{E7BD4862-034D-40D3-9B73-4A3D1502FF80}"
EndProject
Project("{FAE04EC0-301F-11D3-BF4B-00C04F79EFBC}") = "DataStructures.Test", "DataStructures.Test\DataStructures.Test.csproj", "{5521DC10-29C4-46F2-9D0F-7EA6A6D44A67}"
EndProject
Global
	GlobalSection(SolutionConfigurationPlatforms) = preSolution
		Debug|Any CPU = Debug|Any CPU
		Release|Any CPU = Release|Any CPU
	EndGlobalSection
	GlobalSection(ProjectConfigurationPlatforms) = postSolution
		{699DF7FD-A37E-44BE-ADC0-7A5D9EAB8F0F}.Debug|Any CPU.ActiveCfg = Debug|Any CPU
		{699DF7FD-A37E-44BE-ADC0-7A5D9EAB8F0F}.Debug|Any CPU.Build.0 = Debug|Any CPU
		{699DF7FD-A37E-44BE-ADC0-7A5D9EAB8F0F}.Release|Any CPU.ActiveCfg = Release|Any CPU
		{699DF7FD-A37E-44BE-ADC0-7A5D9EAB8F0F}.Release|Any CPU.Build.0 = Release|Any CPU
		{D67BFF51-36B0-41D0-A3FC-D1EF83A519DC}.Debug|Any CPU.ActiveCfg = Debug|Any CPU
		{D67BFF51-36B0-41D0-A3FC-D1EF83A519DC}.Debug|Any CPU.Build.0 = Debug|Any CPU
		{D67BFF51-36B0-41D0-A3FC-D1EF83A519DC}.Release|Any CPU.ActiveCfg = Release|Any CPU
		{D67BFF51-36B0-41D0-A3FC-D1EF83A519DC}.Release|Any CPU.Build.0 = Release|Any CPU
		{E7BD4862-034D-40D3-9B73-4A3D1502FF80}.Debug|Any CPU.ActiveCfg = Debug|Any CPU
		{E7BD4862-034D-40D3-9B73-4A3D1502FF80}.Debug|Any CPU.Build.0 = Debug|Any CPU
		{E7BD4862-034D-40D3-9B73-4A3D1502FF80}.Release|Any CPU.ActiveCfg = Release|Any CPU
		{E7BD4862-034D-40D3-9B73-4A3D1502FF80}.Release|Any CPU.Build.0 = Release|Any CPU
		{5521DC10-29C4-46F2-9D0F-7EA6A6D44A67}.Debug|Any CPU.ActiveCfg = Debug|Any CPU
		{5521DC10-29C4-46F2-9D0F-7EA6A6D44A67}.Debug|Any CPU.Build.0 = Debug|Any CPU
		{5521DC10-29C4-46F2-9D0F-7EA6A6D44A67}.Release|Any CPU.ActiveCfg = Release|Any CPU
		{5521DC10-29C4-46F2-9D0F-7EA6A6D44A67}.Release|Any CPU.Build.0 = Release|Any CPU
	EndGlobalSection
	GlobalSection(SolutionProperties) = preSolution
		HideSolutionNode = FALSE
	EndGlobalSection
EndGlobal
