
Microsoft Visual Studio Solution File, Format Version 12.00
# Visual Studio 14
VisualStudioVersion = 14.0.23107.0
MinimumVisualStudioVersion = 10.0.40219.1
Project("{FAE04EC0-301F-11D3-BF4B-00C04F79EFBC}") = "01.GenericBox", "01.GenericBox\01.GenericBox.csproj", "{27F4FAB1-71B7-4DC3-B7A1-EFAA4A261C0B}"
EndProject
Project("{FAE04EC0-301F-11D3-BF4B-00C04F79EFBC}") = "02.CustomList", "02.CustomList\02.CustomList.csproj", "{37671A1B-D1FB-4400-9E51-97D1F41A2A25}"
EndProject
Global
	GlobalSection(SolutionConfigurationPlatforms) = preSolution
		Debug|Any CPU = Debug|Any CPU
		Release|Any CPU = Release|Any CPU
	EndGlobalSection
	GlobalSection(ProjectConfigurationPlatforms) = postSolution
		{27F4FAB1-71B7-4DC3-B7A1-EFAA4A261C0B}.Debug|Any CPU.ActiveCfg = Debug|Any CPU
		{27F4FAB1-71B7-4DC3-B7A1-EFAA4A261C0B}.Debug|Any CPU.Build.0 = Debug|Any CPU
		{27F4FAB1-71B7-4DC3-B7A1-EFAA4A261C0B}.Release|Any CPU.ActiveCfg = Release|Any CPU
		{27F4FAB1-71B7-4DC3-B7A1-EFAA4A261C0B}.Release|Any CPU.Build.0 = Release|Any CPU
		{37671A1B-D1FB-4400-9E51-97D1F41A2A25}.Debug|Any CPU.ActiveCfg = Debug|Any CPU
		{37671A1B-D1FB-4400-9E51-97D1F41A2A25}.Debug|Any CPU.Build.0 = Debug|Any CPU
		{37671A1B-D1FB-4400-9E51-97D1F41A2A25}.Release|Any CPU.ActiveCfg = Release|Any CPU
		{37671A1B-D1FB-4400-9E51-97D1F41A2A25}.Release|Any CPU.Build.0 = Release|Any CPU
	EndGlobalSection
	GlobalSection(SolutionProperties) = preSolution
		HideSolutionNode = FALSE
	EndGlobalSection
EndGlobal
