
Microsoft Visual Studio Solution File, Format Version 12.00
# Visual Studio 14
VisualStudioVersion = 14.0.23107.0
MinimumVisualStudioVersion = 10.0.40219.1
Project("{FAE04EC0-301F-11D3-BF4B-00C04F79EFBC}") = "BankOfKurotovoKonare", "BankOfKurotovoKonare\BankOfKurotovoKonare.csproj", "{81A15AC3-8CF1-4A06-A83B-AD2C8DC476D2}"
EndProject
Global
	GlobalSection(SolutionConfigurationPlatforms) = preSolution
		Debug|Any CPU = Debug|Any CPU
		Release|Any CPU = Release|Any CPU
	EndGlobalSection
	GlobalSection(ProjectConfigurationPlatforms) = postSolution
		{81A15AC3-8CF1-4A06-A83B-AD2C8DC476D2}.Debug|Any CPU.ActiveCfg = Debug|Any CPU
		{81A15AC3-8CF1-4A06-A83B-AD2C8DC476D2}.Debug|Any CPU.Build.0 = Debug|Any CPU
		{81A15AC3-8CF1-4A06-A83B-AD2C8DC476D2}.Release|Any CPU.ActiveCfg = Release|Any CPU
		{81A15AC3-8CF1-4A06-A83B-AD2C8DC476D2}.Release|Any CPU.Build.0 = Release|Any CPU
	EndGlobalSection
	GlobalSection(SolutionProperties) = preSolution
		HideSolutionNode = FALSE
	EndGlobalSection
EndGlobal
