
Microsoft Visual Studio Solution File, Format Version 12.00
# Visual Studio 14
VisualStudioVersion = 14.0.23107.0
MinimumVisualStudioVersion = 10.0.40219.1
Project("{FAE04EC0-301F-11D3-BF4B-00C04F79EFBC}") = "Homework", "Homework\Homework.csproj", "{2DE25F38-6470-4B22-BFBC-DB0AEDC9B0E5}"
EndProject
Project("{FAE04EC0-301F-11D3-BF4B-00C04F79EFBC}") = "HTMLDispatcher", "HTMLDispatcher\HTMLDispatcher.csproj", "{69AC65C3-1F78-4F49-8E3E-8F9E365C2DA3}"
EndProject
Project("{FAE04EC0-301F-11D3-BF4B-00C04F79EFBC}") = "Problem.BitArray", "Problem.BitArray\Problem.BitArray.csproj", "{552106CE-69A6-46EE-AB0B-F0672B67B6CE}"
EndProject
Global
	GlobalSection(SolutionConfigurationPlatforms) = preSolution
		Debug|Any CPU = Debug|Any CPU
		Release|Any CPU = Release|Any CPU
	EndGlobalSection
	GlobalSection(ProjectConfigurationPlatforms) = postSolution
		{2DE25F38-6470-4B22-BFBC-DB0AEDC9B0E5}.Debug|Any CPU.ActiveCfg = Debug|Any CPU
		{2DE25F38-6470-4B22-BFBC-DB0AEDC9B0E5}.Debug|Any CPU.Build.0 = Debug|Any CPU
		{2DE25F38-6470-4B22-BFBC-DB0AEDC9B0E5}.Release|Any CPU.ActiveCfg = Release|Any CPU
		{2DE25F38-6470-4B22-BFBC-DB0AEDC9B0E5}.Release|Any CPU.Build.0 = Release|Any CPU
		{69AC65C3-1F78-4F49-8E3E-8F9E365C2DA3}.Debug|Any CPU.ActiveCfg = Debug|Any CPU
		{69AC65C3-1F78-4F49-8E3E-8F9E365C2DA3}.Debug|Any CPU.Build.0 = Debug|Any CPU
		{69AC65C3-1F78-4F49-8E3E-8F9E365C2DA3}.Release|Any CPU.ActiveCfg = Release|Any CPU
		{69AC65C3-1F78-4F49-8E3E-8F9E365C2DA3}.Release|Any CPU.Build.0 = Release|Any CPU
		{552106CE-69A6-46EE-AB0B-F0672B67B6CE}.Debug|Any CPU.ActiveCfg = Debug|Any CPU
		{552106CE-69A6-46EE-AB0B-F0672B67B6CE}.Debug|Any CPU.Build.0 = Debug|Any CPU
		{552106CE-69A6-46EE-AB0B-F0672B67B6CE}.Release|Any CPU.ActiveCfg = Release|Any CPU
		{552106CE-69A6-46EE-AB0B-F0672B67B6CE}.Release|Any CPU.Build.0 = Release|Any CPU
	EndGlobalSection
	GlobalSection(SolutionProperties) = preSolution
		HideSolutionNode = FALSE
	EndGlobalSection
EndGlobal
